// !$*UTF8*$!
{
	archiveVersion = 1;
	classes = {
	};
	objectVersion = 50;
	objects = {

/* Begin PBXBuildFile section */
		10EB19EB265FC87C00E2C7FC /* CardSwiftUIApp.swift in Sources */ = {isa = PBXBuildFile; fileRef = 10EB19EA265FC87C00E2C7FC /* CardSwiftUIApp.swift */; };
		10EB19ED265FC87C00E2C7FC /* ContentView.swift in Sources */ = {isa = PBXBuildFile; fileRef = 10EB19EC265FC87C00E2C7FC /* ContentView.swift */; };
		10EB19EF265FC87D00E2C7FC /* Assets.xcassets in Resources */ = {isa = PBXBuildFile; fileRef = 10EB19EE265FC87D00E2C7FC /* Assets.xcassets */; };
		10EB19F2265FC87D00E2C7FC /* Preview Assets.xcassets in Resources */ = {isa = PBXBuildFile; fileRef = 10EB19F1265FC87D00E2C7FC /* Preview Assets.xcassets */; };
		10EB19FD265FC87E00E2C7FC /* CardSwiftUITests.swift in Sources */ = {isa = PBXBuildFile; fileRef = 10EB19FC265FC87E00E2C7FC /* CardSwiftUITests.swift */; };
		10EB1A08265FC87E00E2C7FC /* CardSwiftUIUITests.swift in Sources */ = {isa = PBXBuildFile; fileRef = 10EB1A07265FC87E00E2C7FC /* CardSwiftUIUITests.swift */; };
/* End PBXBuildFile section */

/* Begin PBXContainerItemProxy section */
		10EB19F9265FC87E00E2C7FC /* PBXContainerItemProxy */ = {
			isa = PBXContainerItemProxy;
			containerPortal = 10EB19DF265FC87C00E2C7FC /* Project object */;
			proxyType = 1;
			remoteGlobalIDString = 10EB19E6265FC87C00E2C7FC;
			remoteInfo = CardSwiftUI;
		};
		10EB1A04265FC87E00E2C7FC /* PBXContainerItemProxy */ = {
			isa = PBXContainerItemProxy;
			containerPortal = 10EB19DF265FC87C00E2C7FC /* Project object */;
			proxyType = 1;
			remoteGlobalIDString = 10EB19E6265FC87C00E2C7FC;
			remoteInfo = CardSwiftUI;
		};
/* End PBXContainerItemProxy section */

/* Begin PBXFileReference section */
		10EB19E7265FC87C00E2C7FC /* CardSwiftUI.app */ = {isa = PBXFileReference; explicitFileType = wrapper.application; includeInIndex = 0; path = CardSwiftUI.app; sourceTree = BUILT_PRODUCTS_DIR; };
		10EB19EA265FC87C00E2C7FC /* CardSwiftUIApp.swift */ = {isa = PBXFileReference; lastKnownFileType = sourcecode.swift; path = CardSwiftUIApp.swift; sourceTree = "<group>"; };
		10EB19EC265FC87C00E2C7FC /* ContentView.swift */ = {isa = PBXFileReference; lastKnownFileType = sourcecode.swift; path = ContentView.swift; sourceTree = "<group>"; };
		10EB19EE265FC87D00E2C7FC /* Assets.xcassets */ = {isa = PBXFileReference; lastKnownFileType = folder.assetcatalog; path = Assets.xcassets; sourceTree = "<group>"; };
		10EB19F1265FC87D00E2C7FC /* Preview Assets.xcassets */ = {isa = PBXFileReference; lastKnownFileType = folder.assetcatalog; path = "Preview Assets.xcassets"; sourceTree = "<group>"; };
		10EB19F3265FC87D00E2C7FC /* Info.plist */ = {isa = PBXFileReference; lastKnownFileType = text.plist.xml; path = Info.plist; sourceTree = "<group>"; };
		10EB19F8265FC87E00E2C7FC /* CardSwiftUITests.xctest */ = {isa = PBXFileReference; explicitFileType = wrapper.cfbundle; includeInIndex = 0; path = CardSwiftUITests.xctest; sourceTree = BUILT_PRODUCTS_DIR; };
		10EB19FC265FC87E00E2C7FC /* CardSwiftUITests.swift */ = {isa = PBXFileReference; lastKnownFileType = sourcecode.swift; path = CardSwiftUITests.swift; sourceTree = "<group>"; };
		10EB19FE265FC87E00E2C7FC /* Info.plist */ = {isa = PBXFileReference; lastKnownFileType = text.plist.xml; path = Info.plist; sourceTree = "<group>"; };
		10EB1A03265FC87E00E2C7FC /* CardSwiftUIUITests.xctest */ = {isa = PBXFileReference; explicitFileType = wrapper.cfbundle; includeInIndex = 0; path = CardSwiftUIUITests.xctest; sourceTree = BUILT_PRODUCTS_DIR; };
		10EB1A07265FC87E00E2C7FC /* CardSwiftUIUITests.swift */ = {isa = PBXFileReference; lastKnownFileType = sourcecode.swift; path = CardSwiftUIUITests.swift; sourceTree = "<group>"; };
		10EB1A09265FC87E00E2C7FC /* Info.plist */ = {isa = PBXFileReference; lastKnownFileType = text.plist.xml; path = Info.plist; sourceTree = "<group>"; };
/* End PBXFileReference section */

/* Begin PBXFrameworksBuildPhase section */
		10EB19E4265FC87C00E2C7FC /* Frameworks */ = {
			isa = PBXFrameworksBuildPhase;
			buildActionMask = 2147483647;
			files = (
			);
			runOnlyForDeploymentPostprocessing = 0;
		};
		10EB19F5265FC87E00E2C7FC /* Frameworks */ = {
			isa = PBXFrameworksBuildPhase;
			buildActionMask = 2147483647;
			files = (
			);
			runOnlyForDeploymentPostprocessing = 0;
		};
		10EB1A00265FC87E00E2C7FC /* Frameworks */ = {
			isa = PBXFrameworksBuildPhase;
			buildActionMask = 2147483647;
			files = (
			);
			runOnlyForDeploymentPostprocessing = 0;
		};
/* End PBXFrameworksBuildPhase section */

/* Begin PBXGroup section */
		10EB19DE265FC87C00E2C7FC = {
			isa = PBXGroup;
			children = (
				10EB19E9265FC87C00E2C7FC /* CardSwiftUI */,
				10EB19FB265FC87E00E2C7FC /* CardSwiftUITests */,
				10EB1A06265FC87E00E2C7FC /* CardSwiftUIUITests */,
				10EB19E8265FC87C00E2C7FC /* Products */,
			);
			sourceTree = "<group>";
		};
		10EB19E8265FC87C00E2C7FC /* Products */ = {
			isa = PBXGroup;
			children = (
				10EB19E7265FC87C00E2C7FC /* CardSwiftUI.app */,
				10EB19F8265FC87E00E2C7FC /* CardSwiftUITests.xctest */,
				10EB1A03265FC87E00E2C7FC /* CardSwiftUIUITests.xctest */,
			);
			name = Products;
			sourceTree = "<group>";
		};
		10EB19E9265FC87C00E2C7FC /* CardSwiftUI */ = {
			isa = PBXGroup;
			children = (
				10EB19EA265FC87C00E2C7FC /* CardSwiftUIApp.swift */,
				10EB19EC265FC87C00E2C7FC /* ContentView.swift */,
				10EB19EE265FC87D00E2C7FC /* Assets.xcassets */,
				10EB19F3265FC87D00E2C7FC /* Info.plist */,
				10EB19F0265FC87D00E2C7FC /* Preview Content */,
			);
			path = CardSwiftUI;
			sourceTree = "<group>";
		};
		10EB19F0265FC87D00E2C7FC /* Preview Content */ = {
			isa = PBXGroup;
			children = (
				10EB19F1265FC87D00E2C7FC /* Preview Assets.xcassets */,
			);
			path = "Preview Content";
			sourceTree = "<group>";
		};
		10EB19FB265FC87E00E2C7FC /* CardSwiftUITests */ = {
			isa = PBXGroup;
			children = (
				10EB19FC265FC87E00E2C7FC /* CardSwiftUITests.swift */,
				10EB19FE265FC87E00E2C7FC /* Info.plist */,
			);
			path = CardSwiftUITests;
			sourceTree = "<group>";
		};
		10EB1A06265FC87E00E2C7FC /* CardSwiftUIUITests */ = {
			isa = PBXGroup;
			children = (
				10EB1A07265FC87E00E2C7FC /* CardSwiftUIUITests.swift */,
				10EB1A09265FC87E00E2C7FC /* Info.plist */,
			);
			path = CardSwiftUIUITests;
			sourceTree = "<group>";
		};
/* End PBXGroup section */

/* Begin PBXNativeTarget section */
		10EB19E6265FC87C00E2C7FC /* CardSwiftUI */ = {
			isa = PBXNativeTarget;
			buildConfigurationList = 10EB1A0C265FC87E00E2C7FC /* Build configuration list for PBXNativeTarget "CardSwiftUI" */;
			buildPhases = (
				10EB19E3265FC87C00E2C7FC /* Sources */,
				10EB19E4265FC87C00E2C7FC /* Frameworks */,
				10EB19E5265FC87C00E2C7FC /* Resources */,
			);
			buildRules = (
			);
			dependencies = (
			);
			name = CardSwiftUI;
			productName = CardSwiftUI;
			productReference = 10EB19E7265FC87C00E2C7FC /* CardSwiftUI.app */;
			productType = "com.apple.product-type.application";
		};
		10EB19F7265FC87E00E2C7FC /* CardSwiftUITests */ = {
			isa = PBXNativeTarget;
			buildConfigurationList = 10EB1A0F265FC87E00E2C7FC /* Build configuration list for PBXNativeTarget "CardSwiftUITests" */;
			buildPhases = (
				10EB19F4265FC87E00E2C7FC /* Sources */,
				10EB19F5265FC87E00E2C7FC /* Frameworks */,
				10EB19F6265FC87E00E2C7FC /* Resources */,
			);
			buildRules = (
			);
			dependencies = (
				10EB19FA265FC87E00E2C7FC /* PBXTargetDependency */,
			);
			name = CardSwiftUITests;
			productName = CardSwiftUITests;
			productReference = 10EB19F8265FC87E00E2C7FC /* CardSwiftUITests.xctest */;
			productType = "com.apple.product-type.bundle.unit-test";
		};
		10EB1A02265FC87E00E2C7FC /* CardSwiftUIUITests */ = {
			isa = PBXNativeTarget;
			buildConfigurationList = 10EB1A12265FC87E00E2C7FC /* Build configuration list for PBXNativeTarget "CardSwiftUIUITests" */;
			buildPhases = (
				10EB19FF265FC87E00E2C7FC /* Sources */,
				10EB1A00265FC87E00E2C7FC /* Frameworks */,
				10EB1A01265FC87E00E2C7FC /* Resources */,
			);
			buildRules = (
			);
			dependencies = (
				10EB1A05265FC87E00E2C7FC /* PBXTargetDependency */,
			);
			name = CardSwiftUIUITests;
			productName = CardSwiftUIUITests;
			productReference = 10EB1A03265FC87E00E2C7FC /* CardSwiftUIUITests.xctest */;
			productType = "com.apple.product-type.bundle.ui-testing";
		};
/* End PBXNativeTarget section */

/* Begin PBXProject section */
		10EB19DF265FC87C00E2C7FC /* Project object */ = {
			isa = PBXProject;
			attributes = {
				LastSwiftUpdateCheck = 1250;
				LastUpgradeCheck = 1250;
				TargetAttributes = {
					10EB19E6265FC87C00E2C7FC = {
						CreatedOnToolsVersion = 12.5;
					};
					10EB19F7265FC87E00E2C7FC = {
						CreatedOnToolsVersion = 12.5;
						TestTargetID = 10EB19E6265FC87C00E2C7FC;
					};
					10EB1A02265FC87E00E2C7FC = {
						CreatedOnToolsVersion = 12.5;
						TestTargetID = 10EB19E6265FC87C00E2C7FC;
					};
				};
			};
			buildConfigurationList = 10EB19E2265FC87C00E2C7FC /* Build configuration list for PBXProject "CardSwiftUI" */;
			compatibilityVersion = "Xcode 9.3";
			developmentRegion = en;
			hasScannedForEncodings = 0;
			knownRegions = (
				en,
				Base,
			);
			mainGroup = 10EB19DE265FC87C00E2C7FC;
			productRefGroup = 10EB19E8265FC87C00E2C7FC /* Products */;
			projectDirPath = "";
			projectRoot = "";
			targets = (
				10EB19E6265FC87C00E2C7FC /* CardSwiftUI */,
				10EB19F7265FC87E00E2C7FC /* CardSwiftUITests */,
				10EB1A02265FC87E00E2C7FC /* CardSwiftUIUITests */,
			);
		};
/* End PBXProject section */

/* Begin PBXResourcesBuildPhase section */
		10EB19E5265FC87C00E2C7FC /* Resources */ = {
			isa = PBXResourcesBuildPhase;
			buildActionMask = 2147483647;
			files = (
				10EB19F2265FC87D00E2C7FC /* Preview Assets.xcassets in Resources */,
				10EB19EF265FC87D00E2C7FC /* Assets.xcassets in Resources */,
			);
			runOnlyForDeploymentPostprocessing = 0;
		};
		10EB19F6265FC87E00E2C7FC /* Resources */ = {
			isa = PBXResourcesBuildPhase;
			buildActionMask = 2147483647;
			files = (
			);
			runOnlyForDeploymentPostprocessing = 0;
		};
		10EB1A01265FC87E00E2C7FC /* Resources */ = {
			isa = PBXResourcesBuildPhase;
			buildActionMask = 2147483647;
			files = (
			);
			runOnlyForDeploymentPostprocessing = 0;
		};
/* End PBXResourcesBuildPhase section */

/* Begin PBXSourcesBuildPhase section */
		10EB19E3265FC87C00E2C7FC /* Sources */ = {
			isa = PBXSourcesBuildPhase;
			buildActionMask = 2147483647;
			files = (
				10EB19ED265FC87C00E2C7FC /* ContentView.swift in Sources */,
				10EB19EB265FC87C00E2C7FC /* CardSwiftUIApp.swift in Sources */,
			);
			runOnlyForDeploymentPostprocessing = 0;
		};
		10EB19F4265FC87E00E2C7FC /* Sources */ = {
			isa = PBXSourcesBuildPhase;
			buildActionMask = 2147483647;
			files = (
				10EB19FD265FC87E00E2C7FC /* CardSwiftUITests.swift in Sources */,
			);
			runOnlyForDeploymentPostprocessing = 0;
		};
		10EB19FF265FC87E00E2C7FC /* Sources */ = {
			isa = PBXSourcesBuildPhase;
			buildActionMask = 2147483647;
			files = (
				10EB1A08265FC87E00E2C7FC /* CardSwiftUIUITests.swift in Sources */,
			);
			runOnlyForDeploymentPostprocessing = 0;
		};
/* End PBXSourcesBuildPhase section */

/* Begin PBXTargetDependency section */
		10EB19FA265FC87E00E2C7FC /* PBXTargetDependency */ = {
			isa = PBXTargetDependency;
			target = 10EB19E6265FC87C00E2C7FC /* CardSwiftUI */;
			targetProxy = 10EB19F9265FC87E00E2C7FC /* PBXContainerItemProxy */;
		};
		10EB1A05265FC87E00E2C7FC /* PBXTargetDependency */ = {
			isa = PBXTargetDependency;
			target = 10EB19E6265FC87C00E2C7FC /* CardSwiftUI */;
			targetProxy = 10EB1A04265FC87E00E2C7FC /* PBXContainerItemProxy */;
		};
/* End PBXTargetDependency section */

/* Begin XCBuildConfiguration section */
		10EB1A0A265FC87E00E2C7FC /* Debug */ = {
			isa = XCBuildConfiguration;
			buildSettings = {
				ALWAYS_SEARCH_USER_PATHS = NO;
				CLANG_ANALYZER_NONNULL = YES;
				CLANG_ANALYZER_NUMBER_OBJECT_CONVERSION = YES_AGGRESSIVE;
				CLANG_CXX_LANGUAGE_STANDARD = "gnu++14";
				CLANG_CXX_LIBRARY = "libc++";
				CLANG_ENABLE_MODULES = YES;
				CLANG_ENABLE_OBJC_ARC = YES;
				CLANG_ENABLE_OBJC_WEAK = YES;
				CLANG_WARN_BLOCK_CAPTURE_AUTORELEASING = YES;
				CLANG_WARN_BOOL_CONVERSION = YES;
				CLANG_WARN_COMMA = YES;
				CLANG_WARN_CONSTANT_CONVERSION = YES;
				CLANG_WARN_DEPRECATED_OBJC_IMPLEMENTATIONS = YES;
				CLANG_WARN_DIRECT_OBJC_ISA_USAGE = YES_ERROR;
				CLANG_WARN_DOCUMENTATION_COMMENTS = YES;
				CLANG_WARN_EMPTY_BODY = YES;
				CLANG_WARN_ENUM_CONVERSION = YES;
				CLANG_WARN_INFINITE_RECURSION = YES;
				CLANG_WARN_INT_CONVERSION = YES;
				CLANG_WARN_NON_LITERAL_NULL_CONVERSION = YES;
				CLANG_WARN_OBJC_IMPLICIT_RETAIN_SELF = YES;
				CLANG_WARN_OBJC_LITERAL_CONVERSION = YES;
				CLANG_WARN_OBJC_ROOT_CLASS = YES_ERROR;
				CLANG_WARN_QUOTED_INCLUDE_IN_FRAMEWORK_HEADER = YES;
				CLANG_WARN_RANGE_LOOP_ANALYSIS = YES;
				CLANG_WARN_STRICT_PROTOTYPES = YES;
				CLANG_WARN_SUSPICIOUS_MOVE = YES;
				CLANG_WARN_UNGUARDED_AVAILABILITY = YES_AGGRESSIVE;
				CLANG_WARN_UNREACHABLE_CODE = YES;
				CLANG_WARN__DUPLICATE_METHOD_MATCH = YES;
				COPY_PHASE_STRIP = NO;
				DEBUG_INFORMATION_FORMAT = dwarf;
				ENABLE_STRICT_OBJC_MSGSEND = YES;
				ENABLE_TESTABILITY = YES;
				GCC_C_LANGUAGE_STANDARD = gnu11;
				GCC_DYNAMIC_NO_PIC = NO;
				GCC_NO_COMMON_BLOCKS = YES;
				GCC_OPTIMIZATION_LEVEL = 0;
				GCC_PREPROCESSOR_DEFINITIONS = (
					"DEBUG=1",
					"$(inherited)",
				);
				GCC_WARN_64_TO_32_BIT_CONVERSION = YES;
				GCC_WARN_ABOUT_RETURN_TYPE = YES_ERROR;
				GCC_WARN_UNDECLARED_SELECTOR = YES;
				GCC_WARN_UNINITIALIZED_AUTOS = YES_AGGRESSIVE;
				GCC_WARN_UNUSED_FUNCTION = YES;
				GCC_WARN_UNUSED_VARIABLE = YES;
				IPHONEOS_DEPLOYMENT_TARGET = 14.5;
				MTL_ENABLE_DEBUG_INFO = INCLUDE_SOURCE;
				MTL_FAST_MATH = YES;
				ONLY_ACTIVE_ARCH = YES;
				SDKROOT = iphoneos;
				SWIFT_ACTIVE_COMPILATION_CONDITIONS = DEBUG;
				SWIFT_OPTIMIZATION_LEVEL = "-Onone";
			};
			name = Debug;
		};
		10EB1A0B265FC87E00E2C7FC /* Release */ = {
			isa = XCBuildConfiguration;
			buildSettings = {
				ALWAYS_SEARCH_USER_PATHS = NO;
				CLANG_ANALYZER_NONNULL = YES;
				CLANG_ANALYZER_NUMBER_OBJECT_CONVERSION = YES_AGGRESSIVE;
				CLANG_CXX_LANGUAGE_STANDARD = "gnu++14";
				CLANG_CXX_LIBRARY = "libc++";
				CLANG_ENABLE_MODULES = YES;
				CLANG_ENABLE_OBJC_ARC = YES;
				CLANG_ENABLE_OBJC_WEAK = YES;
				CLANG_WARN_BLOCK_CAPTURE_AUTORELEASING = YES;
				CLANG_WARN_BOOL_CONVERSION = YES;
				CLANG_WARN_COMMA = YES;
				CLANG_WARN_CONSTANT_CONVERSION = YES;
				CLANG_WARN_DEPRECATED_OBJC_IMPLEMENTATIONS = YES;
				CLANG_WARN_DIRECT_OBJC_ISA_USAGE = YES_ERROR;
				CLANG_WARN_DOCUMENTATION_COMMENTS = YES;
				CLANG_WARN_EMPTY_BODY = YES;
				CLANG_WARN_ENUM_CONVERSION = YES;
				CLANG_WARN_INFINITE_RECURSION = YES;
				CLANG_WARN_INT_CONVERSION = YES;
				CLANG_WARN_NON_LITERAL_NULL_CONVERSION = YES;
				CLANG_WARN_OBJC_IMPLICIT_RETAIN_SELF = YES;
				CLANG_WARN_OBJC_LITERAL_CONVERSION = YES;
				CLANG_WARN_OBJC_ROOT_CLASS = YES_ERROR;
				CLANG_WARN_QUOTED_INCLUDE_IN_FRAMEWORK_HEADER = YES;
				CLANG_WARN_RANGE_LOOP_ANALYSIS = YES;
				CLANG_WARN_STRICT_PROTOTYPES = YES;
				CLANG_WARN_SUSPICIOUS_MOVE = YES;
				CLANG_WARN_UNGUARDED_AVAILABILITY = YES_AGGRESSIVE;
				CLANG_WARN_UNREACHABLE_CODE = YES;
				CLANG_WARN__DUPLICATE_METHOD_MATCH = YES;
				COPY_PHASE_STRIP = NO;
				DEBUG_INFORMATION_FORMAT = "dwarf-with-dsym";
				ENABLE_NS_ASSERTIONS = NO;
				ENABLE_STRICT_OBJC_MSGSEND = YES;
				GCC_C_LANGUAGE_STANDARD = gnu11;
				GCC_NO_COMMON_BLOCKS = YES;
				GCC_WARN_64_TO_32_BIT_CONVERSION = YES;
				GCC_WARN_ABOUT_RETURN_TYPE = YES_ERROR;
				GCC_WARN_UNDECLARED_SELECTOR = YES;
				GCC_WARN_UNINITIALIZED_AUTOS = YES_AGGRESSIVE;
				GCC_WARN_UNUSED_FUNCTION = YES;
				GCC_WARN_UNUSED_VARIABLE = YES;
				IPHONEOS_DEPLOYMENT_TARGET = 14.5;
				MTL_ENABLE_DEBUG_INFO = NO;
				MTL_FAST_MATH = YES;
				SDKROOT = iphoneos;
				SWIFT_COMPILATION_MODE = wholemodule;
				SWIFT_OPTIMIZATION_LEVEL = "-O";
				VALIDATE_PRODUCT = YES;
			};
			name = Release;
		};
		10EB1A0D265FC87E00E2C7FC /* Debug */ = {
			isa = XCBuildConfiguration;
			buildSettings = {
				ASSETCATALOG_COMPILER_APPICON_NAME = AppIcon;
				ASSETCATALOG_COMPILER_GLOBAL_ACCENT_COLOR_NAME = AccentColor;
				CODE_SIGN_STYLE = Automatic;
				DEVELOPMENT_ASSET_PATHS = "\"CardSwiftUI/Preview Content\"";
				DEVELOPMENT_TEAM = 878HTQX44Y;
				ENABLE_PREVIEWS = YES;
				INFOPLIST_FILE = CardSwiftUI/Info.plist;
				IPHONEOS_DEPLOYMENT_TARGET = 14.0;
				LD_RUNPATH_SEARCH_PATHS = (
					"$(inherited)",
					"@executable_path/Frameworks",
				);
				PRODUCT_BUNDLE_IDENTIFIER = Gurungboi.CardSwiftUI;
				PRODUCT_NAME = "$(TARGET_NAME)";
				SWIFT_VERSION = 5.0;
				TARGETED_DEVICE_FAMILY = "1,2";
			};
			name = Debug;
		};
		10EB1A0E265FC87E00E2C7FC /* Release */ = {
			isa = XCBuildConfiguration;
			buildSettings = {
				ASSETCATALOG_COMPILER_APPICON_NAME = AppIcon;
				ASSETCATALOG_COMPILER_GLOBAL_ACCENT_COLOR_NAME = AccentColor;
				CODE_SIGN_STYLE = Automatic;
				DEVELOPMENT_ASSET_PATHS = "\"CardSwiftUI/Preview Content\"";
				DEVELOPMENT_TEAM = 878HTQX44Y;
				ENABLE_PREVIEWS = YES;
				INFOPLIST_FILE = CardSwiftUI/Info.plist;
				IPHONEOS_DEPLOYMENT_TARGET = 14.0;
				LD_RUNPATH_SEARCH_PATHS = (
					"$(inherited)",
					"@executable_path/Frameworks",
				);
				PRODUCT_BUNDLE_IDENTIFIER = Gurungboi.CardSwiftUI;
				PRODUCT_NAME = "$(TARGET_NAME)";
				SWIFT_VERSION = 5.0;
				TARGETED_DEVICE_FAMILY = "1,2";
			};
			name = Release;
		};
		10EB1A10265FC87E00E2C7FC /* Debug */ = {
			isa = XCBuildConfiguration;
			buildSettings = {
				ALWAYS_EMBED_SWIFT_STANDARD_LIBRARIES = YES;
				BUNDLE_LOADER = "$(TEST_HOST)";
				CODE_SIGN_STYLE = Automatic;
				DEVELOPMENT_TEAM = 878HTQX44Y;
				INFOPLIST_FILE = CardSwiftUITests/Info.plist;
				IPHONEOS_DEPLOYMENT_TARGET = 14.0;
				LD_RUNPATH_SEARCH_PATHS = (
					"$(inherited)",
					"@executable_path/Frameworks",
					"@loader_path/Frameworks",
				);
				PRODUCT_BUNDLE_IDENTIFIER = Gurungboi.CardSwiftUITests;
				PRODUCT_NAME = "$(TARGET_NAME)";
				SWIFT_VERSION = 5.0;
				TARGETED_DEVICE_FAMILY = "1,2";
				TEST_HOST = "$(BUILT_PRODUCTS_DIR)/CardSwiftUI.app/CardSwiftUI";
			};
			name = Debug;
		};
		10EB1A11265FC87E00E2C7FC /* Release */ = {
			isa = XCBuildConfiguration;
			buildSettings = {
				ALWAYS_EMBED_SWIFT_STANDARD_LIBRARIES = YES;
				BUNDLE_LOADER = "$(TEST_HOST)";
				CODE_SIGN_STYLE = Automatic;
				DEVELOPMENT_TEAM = 878HTQX44Y;
				INFOPLIST_FILE = CardSwiftUITests/Info.plist;
				IPHONEOS_DEPLOYMENT_TARGET = 14.0;
				LD_RUNPATH_SEARCH_PATHS = (
					"$(inherited)",
					"@executable_path/Frameworks",
					"@loader_path/Frameworks",
				);
				PRODUCT_BUNDLE_IDENTIFIER = Gurungboi.CardSwiftUITests;
				PRODUCT_NAME = "$(TARGET_NAME)";
				SWIFT_VERSION = 5.0;
				TARGETED_DEVICE_FAMILY = "1,2";
				TEST_HOST = "$(BUILT_PRODUCTS_DIR)/CardSwiftUI.app/CardSwiftUI";
			};
			name = Release;
		};
		10EB1A13265FC87E00E2C7FC /* Debug */ = {
			isa = XCBuildConfiguration;
			buildSettings = {
				ALWAYS_EMBED_SWIFT_STANDARD_LIBRARIES = YES;
				CODE_SIGN_STYLE = Automatic;
				DEVELOPMENT_TEAM = 878HTQX44Y;
				INFOPLIST_FILE = CardSwiftUIUITests/Info.plist;
				LD_RUNPATH_SEARCH_PATHS = (
					"$(inherited)",
					"@executable_path/Frameworks",
					"@loader_path/Frameworks",
				);
				PRODUCT_BUNDLE_IDENTIFIER = Gurungboi.CardSwiftUIUITests;
				PRODUCT_NAME = "$(TARGET_NAME)";
				SWIFT_VERSION = 5.0;
				TARGETED_DEVICE_FAMILY = "1,2";
				TEST_TARGET_NAME = CardSwiftUI;
			};
			name = Debug;
		};
		10EB1A14265FC87E00E2C7FC /* Release */ = {
			isa = XCBuildConfiguration;
			buildSettings = {
				ALWAYS_EMBED_SWIFT_STANDARD_LIBRARIES = YES;
				CODE_SIGN_STYLE = Automatic;
				DEVELOPMENT_TEAM = 878HTQX44Y;
				INFOPLIST_FILE = CardSwiftUIUITests/Info.plist;
				LD_RUNPATH_SEARCH_PATHS = (
					"$(inherited)",
					"@executable_path/Frameworks",
					"@loader_path/Frameworks",
				);
				PRODUCT_BUNDLE_IDENTIFIER = Gurungboi.CardSwiftUIUITests;
				PRODUCT_NAME = "$(TARGET_NAME)";
				SWIFT_VERSION = 5.0;
				TARGETED_DEVICE_FAMILY = "1,2";
				TEST_TARGET_NAME = CardSwiftUI;
			};
			name = Release;
		};
/* End XCBuildConfiguration section */

/* Begin XCConfigurationList section */
		10EB19E2265FC87C00E2C7FC /* Build configuration list for PBXProject "CardSwiftUI" */ = {
			isa = XCConfigurationList;
			buildConfigurations = (
				10EB1A0A265FC87E00E2C7FC /* Debug */,
				10EB1A0B265FC87E00E2C7FC /* Release */,
			);
			defaultConfigurationIsVisible = 0;
			defaultConfigurationName = Release;
		};
		10EB1A0C265FC87E00E2C7FC /* Build configuration list for PBXNativeTarget "CardSwiftUI" */ = {
			isa = XCConfigurationList;
			buildConfigurations = (
				10EB1A0D265FC87E00E2C7FC /* Debug */,
				10EB1A0E265FC87E00E2C7FC /* Release */,
			);
			defaultConfigurationIsVisible = 0;
			defaultConfigurationName = Release;
		};
		10EB1A0F265FC87E00E2C7FC /* Build configuration list for PBXNativeTarget "CardSwiftUITests" */ = {
			isa = XCConfigurationList;
			buildConfigurations = (
				10EB1A10265FC87E00E2C7FC /* Debug */,
				10EB1A11265FC87E00E2C7FC /* Release */,
			);
			defaultConfigurationIsVisible = 0;
			defaultConfigurationName = Release;
		};
		10EB1A12265FC87E00E2C7FC /* Build configuration list for PBXNativeTarget "CardSwiftUIUITests" */ = {
			isa = XCConfigurationList;
			buildConfigurations = (
				10EB1A13265FC87E00E2C7FC /* Debug */,
				10EB1A14265FC87E00E2C7FC /* Release */,
			);
			defaultConfigurationIsVisible = 0;
			defaultConfigurationName = Release;
		};
/* End XCConfigurationList section */
	};
	rootObject = 10EB19DF265FC87C00E2C7FC /* Project object */;
}
